// !$*UTF8*$!
{
	archiveVersion = 1;
	classes = {
	};
	objectVersion = 42;
	objects = {

/* Begin PBXAggregateTarget section */
		6AA0A03D0AC6C79D003E682E /* All */ = {
			isa = PBXAggregateTarget;
			buildConfigurationList = 6AA0A05F0AC6C7AD003E682E /* Build configuration list for PBXAggregateTarget "All" */;
			buildPhases = (
			);
			dependencies = (
				6AA0A03F0AC6C7A2003E682E /* PBXTargetDependency */,
				6AA0A0410AC6C7A5003E682E /* PBXTargetDependency */,
				6AA0A0430AC6C7A7003E682E /* PBXTargetDependency */,
				6A18EC580AD8237B007CED62 /* PBXTargetDependency */,
			);
			name = All;
			productName = All;
		};
/* End PBXAggregateTarget section */

/* Begin PBXBuildFile section */
		6A0792C20AC7087F0004DA47 /* MainMenu.nib in Resources */ = {isa = PBXBuildFile; fileRef = 6A0792C00AC7087F0004DA47 /* MainMenu.nib */; };
		6A0792DA0AC70AD30004DA47 /* LoginSheetController.h in Headers */ = {isa = PBXBuildFile; fileRef = 6A0792D80AC70AD30004DA47 /* LoginSheetController.h */; };
		6A0792DB0AC70AD30004DA47 /* LoginSheetController.m in Sources */ = {isa = PBXBuildFile; fileRef = 6A0792D90AC70AD30004DA47 /* LoginSheetController.m */; };
		6A0792DE0AC70AD80004DA47 /* ContactsBrowserController.h in Headers */ = {isa = PBXBuildFile; fileRef = 6A0792DC0AC70AD80004DA47 /* ContactsBrowserController.h */; };
		6A0792DF0AC70AD80004DA47 /* ContactsBrowserController.m in Sources */ = {isa = PBXBuildFile; fileRef = 6A0792DD0AC70AD80004DA47 /* ContactsBrowserController.m */; };
		6A0792E20AC70AE00004DA47 /* ContactsBrowserApplication.h in Headers */ = {isa = PBXBuildFile; fileRef = 6A0792E00AC70AE00004DA47 /* ContactsBrowserApplication.h */; };
		6A0792E30AC70AE00004DA47 /* ContactsBrowserApplication.m in Sources */ = {isa = PBXBuildFile; fileRef = 6A0792E10AC70AE00004DA47 /* ContactsBrowserApplication.m */; };
		6A18EAAA0AD8199A007CED62 /* PhotoSearchController.m in Sources */ = {isa = PBXBuildFile; fileRef = 6A18EAA80AD8199A007CED62 /* PhotoSearchController.m */; };
		6A18EAB90AD819ED007CED62 /* InfoPlist.strings in Resources */ = {isa = PBXBuildFile; fileRef = 6A18EAB80AD819ED007CED62 /* InfoPlist.strings */; };
		6A18EABF0AD81A0A007CED62 /* MainMenu.nib in Resources */ = {isa = PBXBuildFile; fileRef = 6A18EABE0AD81A0A007CED62 /* MainMenu.nib */; };
		6A18EAC20AD81A2F007CED62 /* main.m in Sources */ = {isa = PBXBuildFile; fileRef = 6A18EAC00AD81A2F007CED62 /* main.m */; };
		6A18EAD30AD81A54007CED62 /* index.html in Resources */ = {isa = PBXBuildFile; fileRef = 6A18EAD10AD81A54007CED62 /* index.html */; };
		6A18EAD40AD81A54007CED62 /* style.css in Resources */ = {isa = PBXBuildFile; fileRef = 6A18EAD20AD81A54007CED62 /* style.css */; };
		6A18EAE00AD81A81007CED62 /* builder.js in CopyFiles */ = {isa = PBXBuildFile; fileRef = 6A18EAD70AD81A79007CED62 /* builder.js */; };
		6A18EAE10AD81A81007CED62 /* controls.js in CopyFiles */ = {isa = PBXBuildFile; fileRef = 6A18EAD80AD81A79007CED62 /* controls.js */; };
		6A18EAE20AD81A81007CED62 /* dragdrop.js in CopyFiles */ = {isa = PBXBuildFile; fileRef = 6A18EAD90AD81A79007CED62 /* dragdrop.js */; };
		6A18EAE30AD81A81007CED62 /* effects.js in CopyFiles */ = {isa = PBXBuildFile; fileRef = 6A18EADA0AD81A79007CED62 /* effects.js */; };
		6A18EAE40AD81A81007CED62 /* prototype.js in CopyFiles */ = {isa = PBXBuildFile; fileRef = 6A18EADB0AD81A79007CED62 /* prototype.js */; };
		6A18EAE50AD81A81007CED62 /* scriptaculous.js in CopyFiles */ = {isa = PBXBuildFile; fileRef = 6A18EADC0AD81A79007CED62 /* scriptaculous.js */; };
		6A18EAE60AD81A81007CED62 /* slider.js in CopyFiles */ = {isa = PBXBuildFile; fileRef = 6A18EADD0AD81A79007CED62 /* slider.js */; };
		6A18EAE70AD81A81007CED62 /* unittest.js in CopyFiles */ = {isa = PBXBuildFile; fileRef = 6A18EADE0AD81A79007CED62 /* unittest.js */; };
		6A18EAEC0AD81AA6007CED62 /* ObjectiveFlickr.framework in Frameworks */ = {isa = PBXBuildFile; fileRef = 6AD7B2B30AC6B57C004644DE /* ObjectiveFlickr.framework */; };
		6A18EAED0AD81AAC007CED62 /* WebKit.framework in Frameworks */ = {isa = PBXBuildFile; fileRef = 6AB518350AC6B8580083374D /* WebKit.framework */; };
		6A18EB1B0AD81AAF007CED62 /* AppKit.framework in Frameworks */ = {isa = PBXBuildFile; fileRef = 6AD7B2CA0AC6B6A6004644DE /* AppKit.framework */; };
		6A18EBCB0AD81AB1007CED62 /* Cocoa.framework in Frameworks */ = {isa = PBXBuildFile; fileRef = 6AD7B2CB0AC6B6A6004644DE /* Cocoa.framework */; };
		6A18EBCF0AD81AFD007CED62 /* OFDemoAPIKey.h in Headers */ = {isa = PBXBuildFile; fileRef = 6AA0A0050AC6C66B003E682E /* OFDemoAPIKey.h */; };
		6A18EBD00AD81AFD007CED62 /* PhotoSearchController.h in Headers */ = {isa = PBXBuildFile; fileRef = 6A18EAA90AD8199A007CED62 /* PhotoSearchController.h */; };
		6A31EAEF0AC6BFBD0084DA74 /* main.m in Sources */ = {isa = PBXBuildFile; fileRef = 6A31EAEE0AC6BFBD0084DA74 /* main.m */; };
		6A31EB190AC6C0A40084DA74 /* InfoPlist.strings in Resources */ = {isa = PBXBuildFile; fileRef = 6A31EB180AC6C0A40084DA74 /* InfoPlist.strings */; };
		6A78BA750AD4DFC50021EB1C /* OFPOSTRequest.m in Sources */ = {isa = PBXBuildFile; fileRef = 6A78BA740AD4DFC50021EB1C /* OFPOSTRequest.m */; };
		6A78BA770AD4DFE50021EB1C /* OFPOSTRequest.h in Headers */ = {isa = PBXBuildFile; fileRef = 6A78BA760AD4DFE50021EB1C /* OFPOSTRequest.h */; settings = {ATTRIBUTES = (Public, ); }; };
		6A78BA890AD50A3D0021EB1C /* OFFlickrUploader.m in Sources */ = {isa = PBXBuildFile; fileRef = 6A78BA880AD50A3D0021EB1C /* OFFlickrUploader.m */; };
		6A7D7CF40AC9C1B400E9FCA3 /* ObjectiveFlickr.framework in CopyFiles */ = {isa = PBXBuildFile; fileRef = 6AD7B2B30AC6B57C004644DE /* ObjectiveFlickr.framework */; };
		6A7EA2470AD3E31100B1466C /* OFFlickrInvocation.m in Sources */ = {isa = PBXBuildFile; fileRef = 6A7EA2460AD3E31100B1466C /* OFFlickrInvocation.m */; };
		6A7F66540AD3AB8900E3252F /* OFFlickrContext.h in Headers */ = {isa = PBXBuildFile; fileRef = 6A7F66520AD3AB8900E3252F /* OFFlickrContext.h */; settings = {ATTRIBUTES = (Public, ); }; };
		6A7F66550AD3AB8900E3252F /* OFFlickrContext.m in Sources */ = {isa = PBXBuildFile; fileRef = 6A7F66530AD3AB8900E3252F /* OFFlickrContext.m */; };
		6AA09E9A0AC6C15F003E682E /* AppKit.framework in Frameworks */ = {isa = PBXBuildFile; fileRef = 6AD7B2CA0AC6B6A6004644DE /* AppKit.framework */; };
		6AA09F3D0AC6C165003E682E /* Cocoa.framework in Frameworks */ = {isa = PBXBuildFile; fileRef = 6AD7B2CB0AC6B6A6004644DE /* Cocoa.framework */; };
		6AA0A0060AC6C66B003E682E /* OFDemoAPIKey.h in Headers */ = {isa = PBXBuildFile; fileRef = 6AA0A0050AC6C66B003E682E /* OFDemoAPIKey.h */; };
		6AA0A08D0AC6C827003E682E /* ObjectiveFlickr.framework in Frameworks */ = {isa = PBXBuildFile; fileRef = 6AD7B2B30AC6B57C004644DE /* ObjectiveFlickr.framework */; };
		6AB518360AC6B8580083374D /* WebKit.framework in Frameworks */ = {isa = PBXBuildFile; fileRef = 6AB518350AC6B8580083374D /* WebKit.framework */; };
		6AB518660AC6B8FF0083374D /* ObjectiveFlickr.framework in CopyFiles */ = {isa = PBXBuildFile; fileRef = 6AD7B2B30AC6B57C004644DE /* ObjectiveFlickr.framework */; };
		6AC37C390AC7ECA6008B471C /* OFFlickrXMLExtension.m in Sources */ = {isa = PBXBuildFile; fileRef = 6AC37C380AC7ECA6008B471C /* OFFlickrXMLExtension.m */; };
		6AD7B2C20AC6B62F004644DE /* ObjectiveFlickr.h in Headers */ = {isa = PBXBuildFile; fileRef = 6AD7B2C00AC6B62F004644DE /* ObjectiveFlickr.h */; settings = {ATTRIBUTES = (Public, ); }; };
		6AD7B2C70AC6B658004644DE /* CocoaCryptoHashing.m in Sources */ = {isa = PBXBuildFile; fileRef = 6AD7B2C50AC6B658004644DE /* CocoaCryptoHashing.m */; };
		6AD7B2CC0AC6B6A6004644DE /* AppKit.framework in Frameworks */ = {isa = PBXBuildFile; fileRef = 6AD7B2CA0AC6B6A6004644DE /* AppKit.framework */; };
		6AD7B2CD0AC6B6A6004644DE /* Cocoa.framework in Frameworks */ = {isa = PBXBuildFile; fileRef = 6AD7B2CB0AC6B6A6004644DE /* Cocoa.framework */; };
		6AD7B2D40AC6B6D0004644DE /* libcrypto.0.9.7.dylib in Frameworks */ = {isa = PBXBuildFile; fileRef = 6AD7B2D30AC6B6D0004644DE /* libcrypto.0.9.7.dylib */; };
		6AD7B2F70AC6B7BF004644DE /* English.lproj in Resources */ = {isa = PBXBuildFile; fileRef = 6AD7B2EF0AC6B7BF004644DE /* English.lproj */; };
		6AD7B2F80AC6B7BF004644DE /* main.m in Sources */ = {isa = PBXBuildFile; fileRef = 6AD7B2F30AC6B7BF004644DE /* main.m */; };
		6AD7B2F90AC6B7BF004644DE /* ObjectiveFlickrDemoDelegate.m in Sources */ = {isa = PBXBuildFile; fileRef = 6AD7B2F60AC6B7BF004644DE /* ObjectiveFlickrDemoDelegate.m */; };
		6AD7B2FC0AC6B7CF004644DE /* ObjectiveFlickr.framework in Frameworks */ = {isa = PBXBuildFile; fileRef = 6AD7B2B30AC6B57C004644DE /* ObjectiveFlickr.framework */; };
		6AD7B2FD0AC6B7D5004644DE /* Cocoa.framework in Frameworks */ = {isa = PBXBuildFile; fileRef = 6AD7B2CB0AC6B6A6004644DE /* Cocoa.framework */; };
		6AD7B3000AC6B7DB004644DE /* AppKit.framework in Frameworks */ = {isa = PBXBuildFile; fileRef = 6AD7B2CA0AC6B6A6004644DE /* AppKit.framework */; };
		6AE497ED0AD3B3B3008AA97C /* OFFlickrInvocation.h in Headers */ = {isa = PBXBuildFile; fileRef = 6AE497EC0AD3B3B3008AA97C /* OFFlickrInvocation.h */; settings = {ATTRIBUTES = (Public, ); }; };
		6AE4980E0AD3D4D8008AA97C /* OFFlickrUploader.h in Headers */ = {isa = PBXBuildFile; fileRef = 6AE4980D0AD3D4D8008AA97C /* OFFlickrUploader.h */; settings = {ATTRIBUTES = (Public, ); }; };
		6AE498100AD3D583008AA97C /* OFFlickrXMLExtension.h in Headers */ = {isa = PBXBuildFile; fileRef = 6AE4980F0AD3D583008AA97C /* OFFlickrXMLExtension.h */; settings = {ATTRIBUTES = (Public, ); }; };
		6AE498340AD3D60F008AA97C /* OFHTTPRequest.m in Sources */ = {isa = PBXBuildFile; fileRef = 6AE498320AD3D60F008AA97C /* OFHTTPRequest.m */; };
		6AE4983F0AD3D9B7008AA97C /* OFHTTPRequest.h in Headers */ = {isa = PBXBuildFile; fileRef = 6AE4983E0AD3D9B7008AA97C /* OFHTTPRequest.h */; settings = {ATTRIBUTES = (Public, ); }; };
/* End PBXBuildFile section */

/* Begin PBXContainerItemProxy section */
		6A18EC570AD8237B007CED62 /* PBXContainerItemProxy */ = {
			isa = PBXContainerItemProxy;
			containerPortal = 6AD7B2A20AC6B550004644DE /* Project object */;
			proxyType = 1;
			remoteGlobalIDString = 6A18EA9C0AD816AD007CED62 /* PhotoSearch */;
			remoteInfo = PhotoSearch;
		};
		6AA0A03E0AC6C7A2003E682E /* PBXContainerItemProxy */ = {
			isa = PBXContainerItemProxy;
			containerPortal = 6AD7B2A20AC6B550004644DE /* Project object */;
			proxyType = 1;
			remoteGlobalIDString = 6AD7B2B20AC6B57C004644DE;
			remoteInfo = ObjectiveFlickr;
		};
		6AA0A0400AC6C7A5003E682E /* PBXContainerItemProxy */ = {
			isa = PBXContainerItemProxy;
			containerPortal = 6AD7B2A20AC6B550004644DE /* Project object */;
			proxyType = 1;
			remoteGlobalIDString = 6AD7B2E30AC6B778004644DE;
			remoteInfo = FlickrBasics;
		};
		6AA0A0420AC6C7A7003E682E /* PBXContainerItemProxy */ = {
			isa = PBXContainerItemProxy;
			containerPortal = 6AD7B2A20AC6B550004644DE /* Project object */;
			proxyType = 1;
			remoteGlobalIDString = 6A31EAE60AC6BF2D0084DA74;
			remoteInfo = ContactsBrowser;
		};
		6AA0A0640AC6C7BA003E682E /* PBXContainerItemProxy */ = {
			isa = PBXContainerItemProxy;
			containerPortal = 6AD7B2A20AC6B550004644DE /* Project object */;
			proxyType = 1;
			remoteGlobalIDString = 6AD7B2B20AC6B57C004644DE;
			remoteInfo = ObjectiveFlickr;
		};
		6AD7B2EA0AC6B783004644DE /* PBXContainerItemProxy */ = {
			isa = PBXContainerItemProxy;
			containerPortal = 6AD7B2A20AC6B550004644DE /* Project object */;
			proxyType = 1;
			remoteGlobalIDString = 6AD7B2B20AC6B57C004644DE;
			remoteInfo = ObjectiveFlickr;
		};
/* End PBXContainerItemProxy section */

/* Begin PBXCopyFilesBuildPhase section */
		6A18EADF0AD81A79007CED62 /* CopyFiles */ = {
			isa = PBXCopyFilesBuildPhase;
			buildActionMask = 2147483647;
			dstPath = javascripts;
			dstSubfolderSpec = 7;
			files = (
				6A18EAE00AD81A81007CED62 /* builder.js in CopyFiles */,
				6A18EAE10AD81A81007CED62 /* controls.js in CopyFiles */,
				6A18EAE20AD81A81007CED62 /* dragdrop.js in CopyFiles */,
				6A18EAE30AD81A81007CED62 /* effects.js in CopyFiles */,
				6A18EAE40AD81A81007CED62 /* prototype.js in CopyFiles */,
				6A18EAE50AD81A81007CED62 /* scriptaculous.js in CopyFiles */,
				6A18EAE60AD81A81007CED62 /* slider.js in CopyFiles */,
				6A18EAE70AD81A81007CED62 /* unittest.js in CopyFiles */,
			);
			runOnlyForDeploymentPostprocessing = 0;
		};
		6A7D7CF00AC9C1A400E9FCA3 /* CopyFiles */ = {
			isa = PBXCopyFilesBuildPhase;
			buildActionMask = 2147483647;
			dstPath = "";
			dstSubfolderSpec = 10;
			files = (
				6A7D7CF40AC9C1B400E9FCA3 /* ObjectiveFlickr.framework in CopyFiles */,
			);
			runOnlyForDeploymentPostprocessing = 0;
		};
		6AB5185C0AC6B8EA0083374D /* CopyFiles */ = {
			isa = PBXCopyFilesBuildPhase;
			buildActionMask = 2147483647;
			dstPath = "";
			dstSubfolderSpec = 10;
			files = (
				6AB518660AC6B8FF0083374D /* ObjectiveFlickr.framework in CopyFiles */,
			);
			runOnlyForDeploymentPostprocessing = 0;
		};
/* End PBXCopyFilesBuildPhase section */

/* Begin PBXFileReference section */
		6A0792C10AC7087F0004DA47 /* English */ = {isa = PBXFileReference; lastKnownFileType = wrapper.nib; name = English; path = Demos/ContactsBrowser/English.lproj/MainMenu.nib; sourceTree = "<group>"; };
		6A0792D80AC70AD30004DA47 /* LoginSheetController.h */ = {isa = PBXFileReference; fileEncoding = 4; lastKnownFileType = sourcecode.c.h; name = LoginSheetController.h; path = Demos/ContactsBrowser/LoginSheetController.h; sourceTree = "<group>"; };
		6A0792D90AC70AD30004DA47 /* LoginSheetController.m */ = {isa = PBXFileReference; fileEncoding = 4; lastKnownFileType = sourcecode.c.objc; name = LoginSheetController.m; path = Demos/ContactsBrowser/LoginSheetController.m; sourceTree = "<group>"; };
		6A0792DC0AC70AD80004DA47 /* ContactsBrowserController.h */ = {isa = PBXFileReference; fileEncoding = 4; lastKnownFileType = sourcecode.c.h; name = ContactsBrowserController.h; path = Demos/ContactsBrowser/ContactsBrowserController.h; sourceTree = "<group>"; };
		6A0792DD0AC70AD80004DA47 /* ContactsBrowserController.m */ = {isa = PBXFileReference; fileEncoding = 4; lastKnownFileType = sourcecode.c.objc; name = ContactsBrowserController.m; path = Demos/ContactsBrowser/ContactsBrowserController.m; sourceTree = "<group>"; };
		6A0792E00AC70AE00004DA47 /* ContactsBrowserApplication.h */ = {isa = PBXFileReference; fileEncoding = 4; lastKnownFileType = sourcecode.c.h; name = ContactsBrowserApplication.h; path = Demos/ContactsBrowser/ContactsBrowserApplication.h; sourceTree = "<group>"; };
		6A0792E10AC70AE00004DA47 /* ContactsBrowserApplication.m */ = {isa = PBXFileReference; fileEncoding = 4; lastKnownFileType = sourcecode.c.objc; name = ContactsBrowserApplication.m; path = Demos/ContactsBrowser/ContactsBrowserApplication.m; sourceTree = "<group>"; };
		6A18EA9D0AD816AD007CED62 /* PhotoSearch.app */ = {isa = PBXFileReference; explicitFileType = wrapper.application; includeInIndex = 0; path = PhotoSearch.app; sourceTree = BUILT_PRODUCTS_DIR; };
		6A18EA9F0AD816AD007CED62 /* PhotoSearch-Info.plist */ = {isa = PBXFileReference; lastKnownFileType = text.xml; path = "PhotoSearch-Info.plist"; sourceTree = "<group>"; };
		6A18EAA60AD8198B007CED62 /* English */ = {isa = PBXFileReference; lastKnownFileType = wrapper.nib; name = English; path = Demos/PhotoSearch/English.lproj/MainMenu.nib; sourceTree = "<group>"; };
		6A18EAA80AD8199A007CED62 /* PhotoSearchController.m */ = {isa = PBXFileReference; fileEncoding = 30; lastKnownFileType = sourcecode.c.objc; name = PhotoSearchController.m; path = Demos/PhotoSearch/PhotoSearchController.m; sourceTree = "<group>"; };
		6A18EAA90AD8199A007CED62 /* PhotoSearchController.h */ = {isa = PBXFileReference; fileEncoding = 30; lastKnownFileType = sourcecode.c.h; name = PhotoSearchController.h; path = Demos/PhotoSearch/PhotoSearchController.h; sourceTree = "<group>"; };
		6A18EAAF0AD819BE007CED62 /* English */ = {isa = PBXFileReference; fileEncoding = 4; lastKnownFileType = text.plist.strings; name = English; path = Demos/PhotoSearch/English.lproj/InfoPlist.strings; sourceTree = "<group>"; };
		6A18EAC00AD81A2F007CED62 /* main.m */ = {isa = PBXFileReference; fileEncoding = 4; lastKnownFileType = sourcecode.c.objc; name = main.m; path = Demos/PhotoSearch/main.m; sourceTree = "<group>"; };
		6A18EAC10AD81A2F007CED62 /* PhotoSearch_Prefix.pch */ = {isa = PBXFileReference; fileEncoding = 4; lastKnownFileType = sourcecode.c.h; name = PhotoSearch_Prefix.pch; path = Demos/PhotoSearch/PhotoSearch_Prefix.pch; sourceTree = "<group>"; };
		6A18EAD10AD81A54007CED62 /* index.html */ = {isa = PBXFileReference; fileEncoding = 4; lastKnownFileType = text.html; name = index.html; path = Demos/PhotoSearch/index.html; sourceTree = "<group>"; };
		6A18EAD20AD81A54007CED62 /* style.css */ = {isa = PBXFileReference; fileEncoding = 4; lastKnownFileType = text; name = style.css; path = Demos/PhotoSearch/style.css; sourceTree = "<group>"; };
		6A18EAD70AD81A79007CED62 /* builder.js */ = {isa = PBXFileReference; fileEncoding = 4; lastKnownFileType = sourcecode.javascript; path = builder.js; sourceTree = "<group>"; };
		6A18EAD80AD81A79007CED62 /* controls.js */ = {isa = PBXFileReference; fileEncoding = 4; lastKnownFileType = sourcecode.javascript; path = controls.js; sourceTree = "<group>"; };
		6A18EAD90AD81A79007CED62 /* dragdrop.js */ = {isa = PBXFileReference; fileEncoding = 4; lastKnownFileType = sourcecode.javascript; path = dragdrop.js; sourceTree = "<group>"; };
		6A18EADA0AD81A79007CED62 /* effects.js */ = {isa = PBXFileReference; fileEncoding = 4; lastKnownFileType = sourcecode.javascript; path = effects.js; sourceTree = "<group>"; };
		6A18EADB0AD81A79007CED62 /* prototype.js */ = {isa = PBXFileReference; fileEncoding = 4; lastKnownFileType = sourcecode.javascript; path = prototype.js; sourceTree = "<group>"; };
		6A18EADC0AD81A79007CED62 /* scriptaculous.js */ = {isa = PBXFileReference; fileEncoding = 4; lastKnownFileType = sourcecode.javascript; path = scriptaculous.js; sourceTree = "<group>"; };
		6A18EADD0AD81A79007CED62 /* slider.js */ = {isa = PBXFileReference; fileEncoding = 4; lastKnownFileType = sourcecode.javascript; path = slider.js; sourceTree = "<group>"; };
		6A18EADE0AD81A79007CED62 /* unittest.js */ = {isa = PBXFileReference; fileEncoding = 4; lastKnownFileType = sourcecode.javascript; path = unittest.js; sourceTree = "<group>"; };
		6A31EAE70AC6BF2D0084DA74 /* ContactsBrowser.app */ = {isa = PBXFileReference; explicitFileType = wrapper.application; includeInIndex = 0; path = ContactsBrowser.app; sourceTree = BUILT_PRODUCTS_DIR; };
		6A31EAE90AC6BF2D0084DA74 /* ContactsBrowser-Info.plist */ = {isa = PBXFileReference; lastKnownFileType = text.xml; path = "ContactsBrowser-Info.plist"; sourceTree = "<group>"; };
		6A31EAEE0AC6BFBD0084DA74 /* main.m */ = {isa = PBXFileReference; fileEncoding = 4; lastKnownFileType = sourcecode.c.objc; name = main.m; path = Demos/ContactsBrowser/main.m; sourceTree = "<group>"; };
		6A31EAF20AC6BFE50084DA74 /* ContactsBrowser_Prefix.pch */ = {isa = PBXFileReference; fileEncoding = 4; lastKnownFileType = sourcecode.c.h; name = ContactsBrowser_Prefix.pch; path = Demos/ContactsBrowser/ContactsBrowser_Prefix.pch; sourceTree = "<group>"; };
		6A31EB030AC6C08C0084DA74 /* English */ = {isa = PBXFileReference; fileEncoding = 4; lastKnownFileType = text.plist.strings; name = English; path = Demos/ContactsBrowser/English.lproj/InfoPlist.strings; sourceTree = "<group>"; };
		6A78BA740AD4DFC50021EB1C /* OFPOSTRequest.m */ = {isa = PBXFileReference; fileEncoding = 4; lastKnownFileType = sourcecode.c.objc; name = OFPOSTRequest.m; path = Source/OFPOSTRequest.m; sourceTree = "<group>"; };
		6A78BA760AD4DFE50021EB1C /* OFPOSTRequest.h */ = {isa = PBXFileReference; fileEncoding = 4; lastKnownFileType = sourcecode.c.h; name = OFPOSTRequest.h; path = Source/OFPOSTRequest.h; sourceTree = "<group>"; };
		6A78BA880AD50A3D0021EB1C /* OFFlickrUploader.m */ = {isa = PBXFileReference; fileEncoding = 4; lastKnownFileType = sourcecode.c.objc; name = OFFlickrUploader.m; path = Source/OFFlickrUploader.m; sourceTree = "<group>"; };
		6A7EA2460AD3E31100B1466C /* OFFlickrInvocation.m */ = {isa = PBXFileReference; fileEncoding = 4; lastKnownFileType = sourcecode.c.objc; name = OFFlickrInvocation.m; path = Source/OFFlickrInvocation.m; sourceTree = "<group>"; };
		6A7F66520AD3AB8900E3252F /* OFFlickrContext.h */ = {isa = PBXFileReference; fileEncoding = 4; lastKnownFileType = sourcecode.c.h; name = OFFlickrContext.h; path = Source/OFFlickrContext.h; sourceTree = "<group>"; };
		6A7F66530AD3AB8900E3252F /* OFFlickrContext.m */ = {isa = PBXFileReference; fileEncoding = 4; lastKnownFileType = sourcecode.c.objc; name = OFFlickrContext.m; path = Source/OFFlickrContext.m; sourceTree = "<group>"; };
		6AA0A0050AC6C66B003E682E /* OFDemoAPIKey.h */ = {isa = PBXFileReference; fileEncoding = 4; lastKnownFileType = sourcecode.c.h; name = OFDemoAPIKey.h; path = Demos/OFDemoAPIKey.h; sourceTree = "<group>"; };
		6AAA6DA80AD551E60093515C /* ACKNOWLEDGMENTS.txt */ = {isa = PBXFileReference; fileEncoding = 4; lastKnownFileType = text; path = ACKNOWLEDGMENTS.txt; sourceTree = "<group>"; };
		6AAA6DA90AD551E60093515C /* LICENSE.txt */ = {isa = PBXFileReference; fileEncoding = 4; lastKnownFileType = text; path = LICENSE.txt; sourceTree = "<group>"; };
		6AAA6DAA0AD551E60093515C /* README.txt */ = {isa = PBXFileReference; fileEncoding = 4; lastKnownFileType = text; path = README.txt; sourceTree = "<group>"; };
		6AB518350AC6B8580083374D /* WebKit.framework */ = {isa = PBXFileReference; lastKnownFileType = wrapper.framework; name = WebKit.framework; path = /System/Library/Frameworks/WebKit.framework; sourceTree = "<absolute>"; };
		6AB5E0310AC6BD6A002D3AFE /* FlickrBasics-Info.plist */ = {isa = PBXFileReference; fileEncoding = 4; lastKnownFileType = text.xml; path = "FlickrBasics-Info.plist"; sourceTree = "<group>"; };
		6AC37C380AC7ECA6008B471C /* OFFlickrXMLExtension.m */ = {isa = PBXFileReference; fileEncoding = 4; lastKnownFileType = sourcecode.c.objc; name = OFFlickrXMLExtension.m; path = Source/OFFlickrXMLExtension.m; sourceTree = "<group>"; };
		6AD7B2B30AC6B57C004644DE /* ObjectiveFlickr.framework */ = {isa = PBXFileReference; explicitFileType = wrapper.framework; includeInIndex = 0; path = ObjectiveFlickr.framework; sourceTree = BUILT_PRODUCTS_DIR; };
		6AD7B2B50AC6B57C004644DE /* ObjectiveFlickr-Info.plist */ = {isa = PBXFileReference; lastKnownFileType = text.xml; path = "ObjectiveFlickr-Info.plist"; sourceTree = "<group>"; };
		6AD7B2C00AC6B62F004644DE /* ObjectiveFlickr.h */ = {isa = PBXFileReference; fileEncoding = 4; lastKnownFileType = sourcecode.c.h; name = ObjectiveFlickr.h; path = Source/ObjectiveFlickr.h; sourceTree = "<group>"; };
		6AD7B2C40AC6B658004644DE /* CocoaCryptoHashing.h */ = {isa = PBXFileReference; fileEncoding = 4; lastKnownFileType = sourcecode.c.h; name = CocoaCryptoHashing.h; path = Source/CocoaCryptoHashing/CocoaCryptoHashing.h; sourceTree = "<group>"; };
		6AD7B2C50AC6B658004644DE /* CocoaCryptoHashing.m */ = {isa = PBXFileReference; fileEncoding = 4; lastKnownFileType = sourcecode.c.objc; name = CocoaCryptoHashing.m; path = Source/CocoaCryptoHashing/CocoaCryptoHashing.m; sourceTree = "<group>"; };
		6AD7B2CA0AC6B6A6004644DE /* AppKit.framework */ = {isa = PBXFileReference; lastKnownFileType = wrapper.framework; name = AppKit.framework; path = /System/Library/Frameworks/AppKit.framework; sourceTree = "<absolute>"; };
		6AD7B2CB0AC6B6A6004644DE /* Cocoa.framework */ = {isa = PBXFileReference; lastKnownFileType = wrapper.framework; name = Cocoa.framework; path = /System/Library/Frameworks/Cocoa.framework; sourceTree = "<absolute>"; };
		6AD7B2D30AC6B6D0004644DE /* libcrypto.0.9.7.dylib */ = {isa = PBXFileReference; lastKnownFileType = "compiled.mach-o.dylib"; name = libcrypto.0.9.7.dylib; path = /usr/lib/libcrypto.0.9.7.dylib; sourceTree = "<absolute>"; };
		6AD7B2E40AC6B778004644DE /* FlickrBasics.app */ = {isa = PBXFileReference; explicitFileType = wrapper.application; includeInIndex = 0; path = FlickrBasics.app; sourceTree = BUILT_PRODUCTS_DIR; };
		6AD7B2EF0AC6B7BF004644DE /* English.lproj */ = {isa = PBXFileReference; lastKnownFileType = folder; name = English.lproj; path = Demos/Basics/English.lproj; sourceTree = "<group>"; };
		6AD7B2F30AC6B7BF004644DE /* main.m */ = {isa = PBXFileReference; fileEncoding = 4; lastKnownFileType = sourcecode.c.objc; name = main.m; path = Demos/Basics/main.m; sourceTree = "<group>"; };
		6AD7B2F40AC6B7BF004644DE /* ObjectiveFlickr_Prefix.pch */ = {isa = PBXFileReference; fileEncoding = 4; lastKnownFileType = sourcecode.c.h; name = ObjectiveFlickr_Prefix.pch; path = Demos/Basics/ObjectiveFlickr_Prefix.pch; sourceTree = "<group>"; };
		6AD7B2F50AC6B7BF004644DE /* ObjectiveFlickrDemoDelegate.h */ = {isa = PBXFileReference; fileEncoding = 4; lastKnownFileType = sourcecode.c.h; name = ObjectiveFlickrDemoDelegate.h; path = Demos/Basics/ObjectiveFlickrDemoDelegate.h; sourceTree = "<group>"; };
		6AD7B2F60AC6B7BF004644DE /* ObjectiveFlickrDemoDelegate.m */ = {isa = PBXFileReference; fileEncoding = 4; lastKnownFileType = sourcecode.c.objc; name = ObjectiveFlickrDemoDelegate.m; path = Demos/Basics/ObjectiveFlickrDemoDelegate.m; sourceTree = "<group>"; };
		6AE497E60AD3AEA5008AA97C /* CHANGELOG.txt */ = {isa = PBXFileReference; fileEncoding = 4; lastKnownFileType = text; path = CHANGELOG.txt; sourceTree = "<group>"; };
		6AE497EC0AD3B3B3008AA97C /* OFFlickrInvocation.h */ = {isa = PBXFileReference; fileEncoding = 4; lastKnownFileType = sourcecode.c.h; name = OFFlickrInvocation.h; path = Source/OFFlickrInvocation.h; sourceTree = "<group>"; };
		6AE4980D0AD3D4D8008AA97C /* OFFlickrUploader.h */ = {isa = PBXFileReference; fileEncoding = 4; lastKnownFileType = sourcecode.c.h; name = OFFlickrUploader.h; path = Source/OFFlickrUploader.h; sourceTree = "<group>"; };
		6AE4980F0AD3D583008AA97C /* OFFlickrXMLExtension.h */ = {isa = PBXFileReference; fileEncoding = 4; lastKnownFileType = sourcecode.c.h; name = OFFlickrXMLExtension.h; path = Source/OFFlickrXMLExtension.h; sourceTree = "<group>"; };
		6AE498320AD3D60F008AA97C /* OFHTTPRequest.m */ = {isa = PBXFileReference; fileEncoding = 4; lastKnownFileType = sourcecode.c.objc; name = OFHTTPRequest.m; path = Source/OFHTTPRequest.m; sourceTree = "<group>"; };
		6AE4983E0AD3D9B7008AA97C /* OFHTTPRequest.h */ = {isa = PBXFileReference; fileEncoding = 4; lastKnownFileType = sourcecode.c.h; name = OFHTTPRequest.h; path = Source/OFHTTPRequest.h; sourceTree = "<group>"; };
/* End PBXFileReference section */

/* Begin PBXFrameworksBuildPhase section */
		6A18EA9B0AD816AD007CED62 /* Frameworks */ = {
			isa = PBXFrameworksBuildPhase;
			buildActionMask = 2147483647;
			files = (
				6A18EBCB0AD81AB1007CED62 /* Cocoa.framework in Frameworks */,
				6A18EB1B0AD81AAF007CED62 /* AppKit.framework in Frameworks */,
				6A18EAED0AD81AAC007CED62 /* WebKit.framework in Frameworks */,
				6A18EAEC0AD81AA6007CED62 /* ObjectiveFlickr.framework in Frameworks */,
			);
			runOnlyForDeploymentPostprocessing = 0;
		};
		6A31EAE50AC6BF2D0084DA74 /* Frameworks */ = {
			isa = PBXFrameworksBuildPhase;
			buildActionMask = 2147483647;
			files = (
				6AA0A08D0AC6C827003E682E /* ObjectiveFlickr.framework in Frameworks */,
				6AA09F3D0AC6C165003E682E /* Cocoa.framework in Frameworks */,
				6AA09E9A0AC6C15F003E682E /* AppKit.framework in Frameworks */,
			);
			runOnlyForDeploymentPostprocessing = 0;
		};
		6AD7B2B10AC6B57C004644DE /* Frameworks */ = {
			isa = PBXFrameworksBuildPhase;
			buildActionMask = 2147483647;
			files = (
				6AD7B2CC0AC6B6A6004644DE /* AppKit.framework in Frameworks */,
				6AD7B2CD0AC6B6A6004644DE /* Cocoa.framework in Frameworks */,
				6AD7B2D40AC6B6D0004644DE /* libcrypto.0.9.7.dylib in Frameworks */,
			);
			runOnlyForDeploymentPostprocessing = 0;
		};
		6AD7B2E20AC6B778004644DE /* Frameworks */ = {
			isa = PBXFrameworksBuildPhase;
			buildActionMask = 2147483647;
			files = (
				6AD7B3000AC6B7DB004644DE /* AppKit.framework in Frameworks */,
				6AD7B2FD0AC6B7D5004644DE /* Cocoa.framework in Frameworks */,
				6AD7B2FC0AC6B7CF004644DE /* ObjectiveFlickr.framework in Frameworks */,
				6AB518360AC6B8580083374D /* WebKit.framework in Frameworks */,
			);
			runOnlyForDeploymentPostprocessing = 0;
		};
/* End PBXFrameworksBuildPhase section */

/* Begin PBXGroup section */
		6A18EA8F0AD81675007CED62 /* PhotoSearch */ = {
			isa = PBXGroup;
			children = (
				6A18EAD10AD81A54007CED62 /* index.html */,
				6A18EAD20AD81A54007CED62 /* style.css */,
				6A18EAC00AD81A2F007CED62 /* main.m */,
				6A18EAC10AD81A2F007CED62 /* PhotoSearch_Prefix.pch */,
				6A18EAA80AD8199A007CED62 /* PhotoSearchController.m */,
				6A18EAA90AD8199A007CED62 /* PhotoSearchController.h */,
				6A18EA900AD81693007CED62 /* Resources */,
			);
			name = PhotoSearch;
			sourceTree = "<group>";
		};
		6A18EA900AD81693007CED62 /* Resources */ = {
			isa = PBXGroup;
			children = (
				6A18EAD60AD81A79007CED62 /* javascripts */,
				6A18EAB80AD819ED007CED62 /* InfoPlist.strings */,
				6A18EABE0AD81A0A007CED62 /* MainMenu.nib */,
			);
			name = Resources;
			sourceTree = "<group>";
		};
		6A18EAD60AD81A79007CED62 /* javascripts */ = {
			isa = PBXGroup;
			children = (
				6A18EAD70AD81A79007CED62 /* builder.js */,
				6A18EAD80AD81A79007CED62 /* controls.js */,
				6A18EAD90AD81A79007CED62 /* dragdrop.js */,
				6A18EADA0AD81A79007CED62 /* effects.js */,
				6A18EADB0AD81A79007CED62 /* prototype.js */,
				6A18EADC0AD81A79007CED62 /* scriptaculous.js */,
				6A18EADD0AD81A79007CED62 /* slider.js */,
				6A18EADE0AD81A79007CED62 /* unittest.js */,
			);
			name = javascripts;
			path = Demos/PhotoSearch/javascripts;
			sourceTree = "<group>";
		};
		6A31EAED0AC6BF480084DA74 /* ContactsBrowser */ = {
			isa = PBXGroup;
			children = (
				6A4639640AC6DCC20015C3E9 /* Resources */,
				6A31EAEE0AC6BFBD0084DA74 /* main.m */,
				6A0792D80AC70AD30004DA47 /* LoginSheetController.h */,
				6A0792D90AC70AD30004DA47 /* LoginSheetController.m */,
				6A0792DC0AC70AD80004DA47 /* ContactsBrowserController.h */,
				6A0792DD0AC70AD80004DA47 /* ContactsBrowserController.m */,
				6A0792E00AC70AE00004DA47 /* ContactsBrowserApplication.h */,
				6A0792E10AC70AE00004DA47 /* ContactsBrowserApplication.m */,
				6A31EAF20AC6BFE50084DA74 /* ContactsBrowser_Prefix.pch */,
			);
			name = ContactsBrowser;
			sourceTree = "<group>";
		};
		6A4639640AC6DCC20015C3E9 /* Resources */ = {
			isa = PBXGroup;
			children = (
				6A0792C00AC7087F0004DA47 /* MainMenu.nib */,
				6A31EB180AC6C0A40084DA74 /* InfoPlist.strings */,
			);
			name = Resources;
			sourceTree = "<group>";
		};
		6AD7B2A00AC6B550004644DE = {
			isa = PBXGroup;
			children = (
				6AAA6DAA0AD551E60093515C /* README.txt */,
				6AE497E60AD3AEA5008AA97C /* CHANGELOG.txt */,
				6AAA6DA90AD551E60093515C /* LICENSE.txt */,
				6AAA6DA80AD551E60093515C /* ACKNOWLEDGMENTS.txt */,
				6AD7B2AD0AC6B556004644DE /* Framework */,
				6AD7B2BC0AC6B5E1004644DE /* Demos */,
				6AD7B2C90AC6B674004644DE /* Linked Frameworks */,
				6AD7B2D20AC6B6AD004644DE /* Linked Libraries */,
				6AD7B2B40AC6B57C004644DE /* Products */,
				6AD7B2B50AC6B57C004644DE /* ObjectiveFlickr-Info.plist */,
				6AB5E0310AC6BD6A002D3AFE /* FlickrBasics-Info.plist */,
				6A31EAE90AC6BF2D0084DA74 /* ContactsBrowser-Info.plist */,
				6A18EA9F0AD816AD007CED62 /* PhotoSearch-Info.plist */,
			);
			sourceTree = "<group>";
		};
		6AD7B2AD0AC6B556004644DE /* Framework */ = {
			isa = PBXGroup;
			children = (
				6AD7B2C00AC6B62F004644DE /* ObjectiveFlickr.h */,
				6A7F66520AD3AB8900E3252F /* OFFlickrContext.h */,
				6A7F66530AD3AB8900E3252F /* OFFlickrContext.m */,
				6AE497EC0AD3B3B3008AA97C /* OFFlickrInvocation.h */,
				6A7EA2460AD3E31100B1466C /* OFFlickrInvocation.m */,
				6AE4980D0AD3D4D8008AA97C /* OFFlickrUploader.h */,
				6A78BA880AD50A3D0021EB1C /* OFFlickrUploader.m */,
				6AE4983E0AD3D9B7008AA97C /* OFHTTPRequest.h */,
				6AE498320AD3D60F008AA97C /* OFHTTPRequest.m */,
				6A78BA760AD4DFE50021EB1C /* OFPOSTRequest.h */,
				6A78BA740AD4DFC50021EB1C /* OFPOSTRequest.m */,
				6AE4980F0AD3D583008AA97C /* OFFlickrXMLExtension.h */,
				6AC37C380AC7ECA6008B471C /* OFFlickrXMLExtension.m */,
				6AD7B2C80AC6B65B004644DE /* CocoaCryptoHashing */,
			);
			name = Framework;
			sourceTree = "<group>";
		};
		6AD7B2B40AC6B57C004644DE /* Products */ = {
			isa = PBXGroup;
			children = (
				6AD7B2B30AC6B57C004644DE /* ObjectiveFlickr.framework */,
				6AD7B2E40AC6B778004644DE /* FlickrBasics.app */,
				6A31EAE70AC6BF2D0084DA74 /* ContactsBrowser.app */,
				6A18EA9D0AD816AD007CED62 /* PhotoSearch.app */,
			);
			name = Products;
			sourceTree = "<group>";
		};
		6AD7B2BC0AC6B5E1004644DE /* Demos */ = {
			isa = PBXGroup;
			children = (
				6AA0A0050AC6C66B003E682E /* OFDemoAPIKey.h */,
				6AD7B2EE0AC6B79C004644DE /* Basics */,
				6A31EAED0AC6BF480084DA74 /* ContactsBrowser */,
				6A18EA8F0AD81675007CED62 /* PhotoSearch */,
			);
			name = Demos;
			sourceTree = "<group>";
		};
		6AD7B2C80AC6B65B004644DE /* CocoaCryptoHashing */ = {
			isa = PBXGroup;
			children = (
				6AD7B2C40AC6B658004644DE /* CocoaCryptoHashing.h */,
				6AD7B2C50AC6B658004644DE /* CocoaCryptoHashing.m */,
			);
			name = CocoaCryptoHashing;
			sourceTree = "<group>";
		};
		6AD7B2C90AC6B674004644DE /* Linked Frameworks */ = {
			isa = PBXGroup;
			children = (
				6AB518350AC6B8580083374D /* WebKit.framework */,
				6AD7B2CA0AC6B6A6004644DE /* AppKit.framework */,
				6AD7B2CB0AC6B6A6004644DE /* Cocoa.framework */,
			);
			name = "Linked Frameworks";
			sourceTree = "<group>";
		};
		6AD7B2D20AC6B6AD004644DE /* Linked Libraries */ = {
			isa = PBXGroup;
			children = (
				6AD7B2D30AC6B6D0004644DE /* libcrypto.0.9.7.dylib */,
			);
			name = "Linked Libraries";
			sourceTree = "<group>";
		};
		6AD7B2EE0AC6B79C004644DE /* Basics */ = {
			isa = PBXGroup;
			children = (
				6AD7B2EF0AC6B7BF004644DE /* English.lproj */,
				6AD7B2F30AC6B7BF004644DE /* main.m */,
				6AD7B2F40AC6B7BF004644DE /* ObjectiveFlickr_Prefix.pch */,
				6AD7B2F50AC6B7BF004644DE /* ObjectiveFlickrDemoDelegate.h */,
				6AD7B2F60AC6B7BF004644DE /* ObjectiveFlickrDemoDelegate.m */,
			);
			name = Basics;
			sourceTree = "<group>";
		};
/* End PBXGroup section */

/* Begin PBXHeadersBuildPhase section */
		6A18EBD10AD81B20007CED62 /* Headers */ = {
			isa = PBXHeadersBuildPhase;
			buildActionMask = 2147483647;
			files = (
				6A18EBCF0AD81AFD007CED62 /* OFDemoAPIKey.h in Headers */,
				6A18EBD00AD81AFD007CED62 /* PhotoSearchController.h in Headers */,
			);
			runOnlyForDeploymentPostprocessing = 0;
		};
		6AA09FEF0AC6C5CB003E682E /* Headers */ = {
			isa = PBXHeadersBuildPhase;
			buildActionMask = 2147483647;
			files = (
				6AA0A0060AC6C66B003E682E /* OFDemoAPIKey.h in Headers */,
				6A0792DA0AC70AD30004DA47 /* LoginSheetController.h in Headers */,
				6A0792DE0AC70AD80004DA47 /* ContactsBrowserController.h in Headers */,
				6A0792E20AC70AE00004DA47 /* ContactsBrowserApplication.h in Headers */,
			);
			runOnlyForDeploymentPostprocessing = 0;
		};
		6AD7B2AE0AC6B57C004644DE /* Headers */ = {
			isa = PBXHeadersBuildPhase;
			buildActionMask = 2147483647;
			files = (
				6AD7B2C20AC6B62F004644DE /* ObjectiveFlickr.h in Headers */,
				6A7F66540AD3AB8900E3252F /* OFFlickrContext.h in Headers */,
				6AE497ED0AD3B3B3008AA97C /* OFFlickrInvocation.h in Headers */,
				6AE4980E0AD3D4D8008AA97C /* OFFlickrUploader.h in Headers */,
				6AE498100AD3D583008AA97C /* OFFlickrXMLExtension.h in Headers */,
				6AE4983F0AD3D9B7008AA97C /* OFHTTPRequest.h in Headers */,
				6A78BA770AD4DFE50021EB1C /* OFPOSTRequest.h in Headers */,
			);
			runOnlyForDeploymentPostprocessing = 0;
		};
/* End PBXHeadersBuildPhase section */

/* Begin PBXNativeTarget section */
		6A18EA9C0AD816AD007CED62 /* PhotoSearch */ = {
			isa = PBXNativeTarget;
			buildConfigurationList = 6A18EAA00AD816AE007CED62 /* Build configuration list for PBXNativeTarget "PhotoSearch" */;
			buildPhases = (
				6A18EBD10AD81B20007CED62 /* Headers */,
				6A18EA990AD816AD007CED62 /* Resources */,
				6A18EA9A0AD816AD007CED62 /* Sources */,
				6A18EA9B0AD816AD007CED62 /* Frameworks */,
				6A18EADF0AD81A79007CED62 /* CopyFiles */,
			);
			buildRules = (
			);
			dependencies = (
			);
			name = PhotoSearch;
			productName = PhotoSearch;
			productReference = 6A18EA9D0AD816AD007CED62 /* PhotoSearch.app */;
			productType = "com.apple.product-type.application";
		};
		6A31EAE60AC6BF2D0084DA74 /* ContactsBrowser */ = {
			isa = PBXNativeTarget;
			buildConfigurationList = 6A31EAEA0AC6BF2D0084DA74 /* Build configuration list for PBXNativeTarget "ContactsBrowser" */;
			buildPhases = (
				6AA09FEF0AC6C5CB003E682E /* Headers */,
				6A31EAE40AC6BF2D0084DA74 /* Sources */,
				6A31EAE30AC6BF2D0084DA74 /* Resources */,
				6A31EAE50AC6BF2D0084DA74 /* Frameworks */,
				6A7D7CF00AC9C1A400E9FCA3 /* CopyFiles */,
			);
			buildRules = (
			);
			dependencies = (
				6AA0A0650AC6C7BA003E682E /* PBXTargetDependency */,
			);
			name = ContactsBrowser;
			productName = ContactsBrowser;
			productReference = 6A31EAE70AC6BF2D0084DA74 /* ContactsBrowser.app */;
			productType = "com.apple.product-type.application";
		};
		6AD7B2B20AC6B57C004644DE /* ObjectiveFlickr */ = {
			isa = PBXNativeTarget;
			buildConfigurationList = 6AD7B2B60AC6B57D004644DE /* Build configuration list for PBXNativeTarget "ObjectiveFlickr" */;
			buildPhases = (
				6AD7B2AE0AC6B57C004644DE /* Headers */,
				6AD7B2AF0AC6B57C004644DE /* Resources */,
				6AD7B2B00AC6B57C004644DE /* Sources */,
				6AD7B2B10AC6B57C004644DE /* Frameworks */,
			);
			buildRules = (
			);
			dependencies = (
			);
			name = ObjectiveFlickr;
			productName = ObjectiveFlickr;
			productReference = 6AD7B2B30AC6B57C004644DE /* ObjectiveFlickr.framework */;
			productType = "com.apple.product-type.framework";
		};
		6AD7B2E30AC6B778004644DE /* FlickrBasics */ = {
			isa = PBXNativeTarget;
			buildConfigurationList = 6AD7B2E70AC6B778004644DE /* Build configuration list for PBXNativeTarget "FlickrBasics" */;
			buildPhases = (
				6AD7B2E00AC6B778004644DE /* Resources */,
				6AD7B2E10AC6B778004644DE /* Sources */,
				6AD7B2E20AC6B778004644DE /* Frameworks */,
				6AB5185C0AC6B8EA0083374D /* CopyFiles */,
			);
			buildRules = (
			);
			dependencies = (
				6AD7B2EB0AC6B783004644DE /* PBXTargetDependency */,
			);
			name = FlickrBasics;
			productName = FlickrBasics;
			productReference = 6AD7B2E40AC6B778004644DE /* FlickrBasics.app */;
			productType = "com.apple.product-type.application";
		};
/* End PBXNativeTarget section */

/* Begin PBXProject section */
		6AD7B2A20AC6B550004644DE /* Project object */ = {
			isa = PBXProject;
			buildConfigurationList = 6AD7B2A30AC6B550004644DE /* Build configuration list for PBXProject "ObjectiveFlickr" */;
			compatibilityVersion = "Xcode 2.4";
			hasScannedForEncodings = 0;
			mainGroup = 6AD7B2A00AC6B550004644DE;
			productRefGroup = 6AD7B2B40AC6B57C004644DE /* Products */;
			projectDirPath = "";
			projectRoot = "";
			shouldCheckCompatibility = 1;
			targets = (
				6AA0A03D0AC6C79D003E682E /* All */,
				6AD7B2B20AC6B57C004644DE /* ObjectiveFlickr */,
				6AD7B2E30AC6B778004644DE /* FlickrBasics */,
				6A31EAE60AC6BF2D0084DA74 /* ContactsBrowser */,
				6A18EA9C0AD816AD007CED62 /* PhotoSearch */,
			);
		};
/* End PBXProject section */

/* Begin PBXResourcesBuildPhase section */
		6A18EA990AD816AD007CED62 /* Resources */ = {
			isa = PBXResourcesBuildPhase;
			buildActionMask = 2147483647;
			files = (
				6A18EABF0AD81A0A007CED62 /* MainMenu.nib in Resources */,
				6A18EAB90AD819ED007CED62 /* InfoPlist.strings in Resources */,
				6A18EAD30AD81A54007CED62 /* index.html in Resources */,
				6A18EAD40AD81A54007CED62 /* style.css in Resources */,
			);
			runOnlyForDeploymentPostprocessing = 0;
		};
		6A31EAE30AC6BF2D0084DA74 /* Resources */ = {
			isa = PBXResourcesBuildPhase;
			buildActionMask = 2147483647;
			files = (
				6A31EB190AC6C0A40084DA74 /* InfoPlist.strings in Resources */,
				6A0792C20AC7087F0004DA47 /* MainMenu.nib in Resources */,
			);
			runOnlyForDeploymentPostprocessing = 0;
		};
		6AD7B2AF0AC6B57C004644DE /* Resources */ = {
			isa = PBXResourcesBuildPhase;
			buildActionMask = 2147483647;
			files = (
			);
			runOnlyForDeploymentPostprocessing = 0;
		};
		6AD7B2E00AC6B778004644DE /* Resources */ = {
			isa = PBXResourcesBuildPhase;
			buildActionMask = 2147483647;
			files = (
				6AD7B2F70AC6B7BF004644DE /* English.lproj in Resources */,
			);
			runOnlyForDeploymentPostprocessing = 0;
		};
/* End PBXResourcesBuildPhase section */

/* Begin PBXSourcesBuildPhase section */
		6A18EA9A0AD816AD007CED62 /* Sources */ = {
			isa = PBXSourcesBuildPhase;
			buildActionMask = 2147483647;
			files = (
				6A18EAAA0AD8199A007CED62 /* PhotoSearchController.m in Sources */,
				6A18EAC20AD81A2F007CED62 /* main.m in Sources */,
			);
			runOnlyForDeploymentPostprocessing = 0;
		};
		6A31EAE40AC6BF2D0084DA74 /* Sources */ = {
			isa = PBXSourcesBuildPhase;
			buildActionMask = 2147483647;
			files = (
				6A31EAEF0AC6BFBD0084DA74 /* main.m in Sources */,
				6A0792DB0AC70AD30004DA47 /* LoginSheetController.m in Sources */,
				6A0792DF0AC70AD80004DA47 /* ContactsBrowserController.m in Sources */,
				6A0792E30AC70AE00004DA47 /* ContactsBrowserApplication.m in Sources */,
			);
			runOnlyForDeploymentPostprocessing = 0;
		};
		6AD7B2B00AC6B57C004644DE /* Sources */ = {
			isa = PBXSourcesBuildPhase;
			buildActionMask = 2147483647;
			files = (
				6AD7B2C70AC6B658004644DE /* CocoaCryptoHashing.m in Sources */,
				6AC37C390AC7ECA6008B471C /* OFFlickrXMLExtension.m in Sources */,
				6A7F66550AD3AB8900E3252F /* OFFlickrContext.m in Sources */,
				6AE498340AD3D60F008AA97C /* OFHTTPRequest.m in Sources */,
				6A7EA2470AD3E31100B1466C /* OFFlickrInvocation.m in Sources */,
				6A78BA750AD4DFC50021EB1C /* OFPOSTRequest.m in Sources */,
				6A78BA890AD50A3D0021EB1C /* OFFlickrUploader.m in Sources */,
			);
			runOnlyForDeploymentPostprocessing = 0;
		};
		6AD7B2E10AC6B778004644DE /* Sources */ = {
			isa = PBXSourcesBuildPhase;
			buildActionMask = 2147483647;
			files = (
				6AD7B2F80AC6B7BF004644DE /* main.m in Sources */,
				6AD7B2F90AC6B7BF004644DE /* ObjectiveFlickrDemoDelegate.m in Sources */,
			);
			runOnlyForDeploymentPostprocessing = 0;
		};
/* End PBXSourcesBuildPhase section */

/* Begin PBXTargetDependency section */
		6A18EC580AD8237B007CED62 /* PBXTargetDependency */ = {
			isa = PBXTargetDependency;
			target = 6A18EA9C0AD816AD007CED62 /* PhotoSearch */;
			targetProxy = 6A18EC570AD8237B007CED62 /* PBXContainerItemProxy */;
		};
		6AA0A03F0AC6C7A2003E682E /* PBXTargetDependency */ = {
			isa = PBXTargetDependency;
			target = 6AD7B2B20AC6B57C004644DE /* ObjectiveFlickr */;
			targetProxy = 6AA0A03E0AC6C7A2003E682E /* PBXContainerItemProxy */;
		};
		6AA0A0410AC6C7A5003E682E /* PBXTargetDependency */ = {
			isa = PBXTargetDependency;
			target = 6AD7B2E30AC6B778004644DE /* FlickrBasics */;
			targetProxy = 6AA0A0400AC6C7A5003E682E /* PBXContainerItemProxy */;
		};
		6AA0A0430AC6C7A7003E682E /* PBXTargetDependency */ = {
			isa = PBXTargetDependency;
			target = 6A31EAE60AC6BF2D0084DA74 /* ContactsBrowser */;
			targetProxy = 6AA0A0420AC6C7A7003E682E /* PBXContainerItemProxy */;
		};
		6AA0A0650AC6C7BA003E682E /* PBXTargetDependency */ = {
			isa = PBXTargetDependency;
			target = 6AD7B2B20AC6B57C004644DE /* ObjectiveFlickr */;
			targetProxy = 6AA0A0640AC6C7BA003E682E /* PBXContainerItemProxy */;
		};
		6AD7B2EB0AC6B783004644DE /* PBXTargetDependency */ = {
			isa = PBXTargetDependency;
			target = 6AD7B2B20AC6B57C004644DE /* ObjectiveFlickr */;
			targetProxy = 6AD7B2EA0AC6B783004644DE /* PBXContainerItemProxy */;
		};
/* End PBXTargetDependency section */

/* Begin PBXVariantGroup section */
		6A0792C00AC7087F0004DA47 /* MainMenu.nib */ = {
			isa = PBXVariantGroup;
			children = (
				6A0792C10AC7087F0004DA47 /* English */,
			);
			name = MainMenu.nib;
			sourceTree = "<group>";
		};
		6A18EAB80AD819ED007CED62 /* InfoPlist.strings */ = {
			isa = PBXVariantGroup;
			children = (
				6A18EAAF0AD819BE007CED62 /* English */,
			);
			name = InfoPlist.strings;
			sourceTree = "<group>";
		};
		6A18EABE0AD81A0A007CED62 /* MainMenu.nib */ = {
			isa = PBXVariantGroup;
			children = (
				6A18EAA60AD8198B007CED62 /* English */,
			);
			name = MainMenu.nib;
			sourceTree = "<group>";
		};
		6A31EB180AC6C0A40084DA74 /* InfoPlist.strings */ = {
			isa = PBXVariantGroup;
			children = (
				6A31EB030AC6C08C0084DA74 /* English */,
			);
			name = InfoPlist.strings;
			sourceTree = "<group>";
		};
/* End PBXVariantGroup section */

/* Begin XCBuildConfiguration section */
		6A18EAA10AD816AE007CED62 /* Debug */ = {
			isa = XCBuildConfiguration;
			buildSettings = {
				COPY_PHASE_STRIP = NO;
				DEBUG_INFORMATION_FORMAT = dwarf;
				GCC_DYNAMIC_NO_PIC = NO;
				GCC_ENABLE_FIX_AND_CONTINUE = YES;
				GCC_GENERATE_DEBUGGING_SYMBOLS = YES;
				GCC_MODEL_TUNING = G5;
				GCC_OPTIMIZATION_LEVEL = 0;
				GCC_PRECOMPILE_PREFIX_HEADER = YES;
				GCC_PREFIX_HEADER = "$(SYSTEM_LIBRARY_DIR)/Frameworks/AppKit.framework/Headers/AppKit.h";
				INFOPLIST_FILE = "PhotoSearch-Info.plist";
				INSTALL_PATH = "$(HOME)/Applications";
				OTHER_LDFLAGS = (
					"-framework",
					Foundation,
					"-framework",
					AppKit,
				);
				PREBINDING = NO;
				PRODUCT_NAME = PhotoSearch;
				WRAPPER_EXTENSION = app;
				ZERO_LINK = YES;
			};
			name = Debug;
		};
		6A18EAA20AD816AE007CED62 /* Release */ = {
			isa = XCBuildConfiguration;
			buildSettings = {
				COPY_PHASE_STRIP = YES;
				DEBUG_INFORMATION_FORMAT = "dwarf-with-dsym";
				GCC_ENABLE_FIX_AND_CONTINUE = NO;
				GCC_GENERATE_DEBUGGING_SYMBOLS = NO;
				GCC_MODEL_TUNING = G5;
				GCC_PRECOMPILE_PREFIX_HEADER = YES;
				GCC_PREFIX_HEADER = "$(SYSTEM_LIBRARY_DIR)/Frameworks/AppKit.framework/Headers/AppKit.h";
				INFOPLIST_FILE = "PhotoSearch-Info.plist";
				INSTALL_PATH = "$(HOME)/Applications";
				OTHER_LDFLAGS = (
					"-framework",
					Foundation,
					"-framework",
					AppKit,
				);
				PREBINDING = NO;
				PRODUCT_NAME = PhotoSearch;
				WRAPPER_EXTENSION = app;
				ZERO_LINK = NO;
			};
			name = Release;
		};
		6A31EAEB0AC6BF2D0084DA74 /* Debug */ = {
			isa = XCBuildConfiguration;
			buildSettings = {
				ARCHS = (
					i386,
					ppc,
				);
				COPY_PHASE_STRIP = NO;
				GCC_DYNAMIC_NO_PIC = NO;
				GCC_ENABLE_FIX_AND_CONTINUE = YES;
				GCC_GENERATE_DEBUGGING_SYMBOLS = YES;
				GCC_MODEL_TUNING = G5;
				GCC_OPTIMIZATION_LEVEL = 0;
				GCC_PRECOMPILE_PREFIX_HEADER = YES;
				GCC_PREFIX_HEADER = "$(SYSTEM_LIBRARY_DIR)/Frameworks/AppKit.framework/Headers/AppKit.h";
				INFOPLIST_FILE = "ContactsBrowser-Info.plist";
				INSTALL_PATH = "$(HOME)/Applications";
				OTHER_LDFLAGS = (
					"-framework",
					Foundation,
					"-framework",
					AppKit,
				);
				PREBINDING = NO;
				PRODUCT_NAME = ContactsBrowser;
				WRAPPER_EXTENSION = app;
				ZERO_LINK = YES;
			};
			name = Debug;
		};
		6A31EAEC0AC6BF2D0084DA74 /* Release */ = {
			isa = XCBuildConfiguration;
			buildSettings = {
				ARCHS = (
					i386,
					ppc,
				);
				COPY_PHASE_STRIP = YES;
				GCC_ENABLE_FIX_AND_CONTINUE = NO;
				GCC_GENERATE_DEBUGGING_SYMBOLS = NO;
				GCC_MODEL_TUNING = G5;
				GCC_PRECOMPILE_PREFIX_HEADER = YES;
				GCC_PREFIX_HEADER = "$(SYSTEM_LIBRARY_DIR)/Frameworks/AppKit.framework/Headers/AppKit.h";
				INFOPLIST_FILE = "ContactsBrowser-Info.plist";
				INSTALL_PATH = "$(HOME)/Applications";
				OTHER_LDFLAGS = (
					"-framework",
					Foundation,
					"-framework",
					AppKit,
				);
				PREBINDING = NO;
				PRODUCT_NAME = ContactsBrowser;
				WRAPPER_EXTENSION = app;
				ZERO_LINK = NO;
			};
			name = Release;
		};
		6AA0A0600AC6C7AD003E682E /* Debug */ = {
			isa = XCBuildConfiguration;
			buildSettings = {
				COPY_PHASE_STRIP = NO;
				GCC_DYNAMIC_NO_PIC = NO;
				GCC_GENERATE_DEBUGGING_SYMBOLS = YES;
				GCC_OPTIMIZATION_LEVEL = 0;
				PRODUCT_NAME = All;
			};
			name = Debug;
		};
		6AA0A0610AC6C7AD003E682E /* Release */ = {
			isa = XCBuildConfiguration;
			buildSettings = {
				COPY_PHASE_STRIP = YES;
				GCC_ENABLE_FIX_AND_CONTINUE = NO;
				GCC_GENERATE_DEBUGGING_SYMBOLS = NO;
				PRODUCT_NAME = All;
				ZERO_LINK = NO;
			};
			name = Release;
		};
		6AD7B2A40AC6B550004644DE /* Debug */ = {
			isa = XCBuildConfiguration;
			buildSettings = {
				COPY_PHASE_STRIP = NO;
				SDKROOT = /Developer/SDKs/MacOSX10.4u.sdk;
			};
			name = Debug;
		};
		6AD7B2A50AC6B550004644DE /* Release */ = {
			isa = XCBuildConfiguration;
			buildSettings = {
				COPY_PHASE_STRIP = YES;
				SDKROOT = /Developer/SDKs/MacOSX10.4u.sdk;
			};
			name = Release;
		};
		6AD7B2B70AC6B57D004644DE /* Debug */ = {
			isa = XCBuildConfiguration;
			buildSettings = {
				ARCHS = (
					ppc,
					i386,
				);
				COPY_PHASE_STRIP = NO;
				DYLIB_COMPATIBILITY_VERSION = 1;
				DYLIB_CURRENT_VERSION = 1;
				FRAMEWORK_VERSION = A;
				GCC_DYNAMIC_NO_PIC = NO;
				GCC_ENABLE_FIX_AND_CONTINUE = YES;
				GCC_GENERATE_DEBUGGING_SYMBOLS = YES;
				GCC_MODEL_TUNING = G5;
				GCC_OPTIMIZATION_LEVEL = 0;
				GCC_PRECOMPILE_PREFIX_HEADER = YES;
				GCC_PREFIX_HEADER = "$(SYSTEM_LIBRARY_DIR)/Frameworks/AppKit.framework/Headers/AppKit.h";
				INFOPLIST_FILE = "ObjectiveFlickr-Info.plist";
				INSTALL_PATH = "@executable_path/../Frameworks";
				OTHER_LDFLAGS = (
					"-framework",
					Foundation,
					"-framework",
					AppKit,
				);
				PREBINDING = NO;
				PRODUCT_NAME = ObjectiveFlickr;
				ZERO_LINK = YES;
			};
			name = Debug;
		};
		6AD7B2B80AC6B57D004644DE /* Release */ = {
			isa = XCBuildConfiguration;
			buildSettings = {
				ARCHS = (
					ppc,
					i386,
				);
				COPY_PHASE_STRIP = YES;
				DYLIB_COMPATIBILITY_VERSION = 1;
				DYLIB_CURRENT_VERSION = 1;
				FRAMEWORK_VERSION = A;
				GCC_ENABLE_FIX_AND_CONTINUE = NO;
				GCC_GENERATE_DEBUGGING_SYMBOLS = NO;
				GCC_MODEL_TUNING = G5;
				GCC_PRECOMPILE_PREFIX_HEADER = YES;
				GCC_PREFIX_HEADER = "$(SYSTEM_LIBRARY_DIR)/Frameworks/AppKit.framework/Headers/AppKit.h";
				INFOPLIST_FILE = "ObjectiveFlickr-Info.plist";
				INSTALL_PATH = "@executable_path/../Frameworks";
				OTHER_LDFLAGS = (
					"-framework",
					Foundation,
					"-framework",
					AppKit,
				);
				PREBINDING = NO;
				PRODUCT_NAME = ObjectiveFlickr;
				ZERO_LINK = NO;
			};
			name = Release;
		};
		6AD7B2E80AC6B778004644DE /* Debug */ = {
			isa = XCBuildConfiguration;
			buildSettings = {
				ARCHS = (
					ppc,
					i386,
				);
				COPY_PHASE_STRIP = NO;
				GCC_DYNAMIC_NO_PIC = NO;
				GCC_ENABLE_FIX_AND_CONTINUE = YES;
				GCC_GENERATE_DEBUGGING_SYMBOLS = YES;
				GCC_MODEL_TUNING = G5;
				GCC_OPTIMIZATION_LEVEL = 0;
				GCC_PRECOMPILE_PREFIX_HEADER = YES;
				GCC_PREFIX_HEADER = "$(SYSTEM_LIBRARY_DIR)/Frameworks/AppKit.framework/Headers/AppKit.h";
				INFOPLIST_FILE = "FlickrBasics-Info.plist";
				INSTALL_PATH = "$(HOME)/Applications";
				OTHER_LDFLAGS = (
					"-framework",
					Foundation,
					"-framework",
					AppKit,
				);
				PREBINDING = NO;
				PRODUCT_NAME = FlickrBasics;
				WRAPPER_EXTENSION = app;
				ZERO_LINK = YES;
			};
			name = Debug;
		};
		6AD7B2E90AC6B778004644DE /* Release */ = {
			isa = XCBuildConfiguration;
			buildSettings = {
				ARCHS = (
					ppc,
					i386,
				);
				COPY_PHASE_STRIP = YES;
				GCC_ENABLE_FIX_AND_CONTINUE = NO;
				GCC_GENERATE_DEBUGGING_SYMBOLS = NO;
				GCC_MODEL_TUNING = G5;
				GCC_PRECOMPILE_PREFIX_HEADER = YES;
				GCC_PREFIX_HEADER = "$(SYSTEM_LIBRARY_DIR)/Frameworks/AppKit.framework/Headers/AppKit.h";
				INFOPLIST_FILE = "FlickrBasics-Info.plist";
				INSTALL_PATH = "$(HOME)/Applications";
				OTHER_LDFLAGS = (
					"-framework",
					Foundation,
					"-framework",
					AppKit,
				);
				PREBINDING = NO;
				PRODUCT_NAME = FlickrBasics;
				WRAPPER_EXTENSION = app;
				ZERO_LINK = NO;
			};
			name = Release;
		};
/* End XCBuildConfiguration section */

/* Begin XCConfigurationList section */
		6A18EAA00AD816AE007CED62 /* Build configuration list for PBXNativeTarget "PhotoSearch" */ = {
			isa = XCConfigurationList;
			buildConfigurations = (
				6A18EAA10AD816AE007CED62 /* Debug */,
				6A18EAA20AD816AE007CED62 /* Release */,
			);
			defaultConfigurationIsVisible = 0;
			defaultConfigurationName = Release;
		};
		6A31EAEA0AC6BF2D0084DA74 /* Build configuration list for PBXNativeTarget "ContactsBrowser" */ = {
			isa = XCConfigurationList;
			buildConfigurations = (
				6A31EAEB0AC6BF2D0084DA74 /* Debug */,
				6A31EAEC0AC6BF2D0084DA74 /* Release */,
			);
			defaultConfigurationIsVisible = 0;
			defaultConfigurationName = Release;
		};
		6AA0A05F0AC6C7AD003E682E /* Build configuration list for PBXAggregateTarget "All" */ = {
			isa = XCConfigurationList;
			buildConfigurations = (
				6AA0A0600AC6C7AD003E682E /* Debug */,
				6AA0A0610AC6C7AD003E682E /* Release */,
			);
			defaultConfigurationIsVisible = 0;
			defaultConfigurationName = Release;
		};
		6AD7B2A30AC6B550004644DE /* Build configuration list for PBXProject "ObjectiveFlickr" */ = {
			isa = XCConfigurationList;
			buildConfigurations = (
				6AD7B2A40AC6B550004644DE /* Debug */,
				6AD7B2A50AC6B550004644DE /* Release */,
			);
			defaultConfigurationIsVisible = 0;
			defaultConfigurationName = Release;
		};
		6AD7B2B60AC6B57D004644DE /* Build configuration list for PBXNativeTarget "ObjectiveFlickr" */ = {
			isa = XCConfigurationList;
			buildConfigurations = (
				6AD7B2B70AC6B57D004644DE /* Debug */,
				6AD7B2B80AC6B57D004644DE /* Release */,
			);
			defaultConfigurationIsVisible = 0;
			defaultConfigurationName = Release;
		};
		6AD7B2E70AC6B778004644DE /* Build configuration list for PBXNativeTarget "FlickrBasics" */ = {
			isa = XCConfigurationList;
			buildConfigurations = (
				6AD7B2E80AC6B778004644DE /* Debug */,
				6AD7B2E90AC6B778004644DE /* Release */,
			);
			defaultConfigurationIsVisible = 0;
			defaultConfigurationName = Release;
		};
/* End XCConfigurationList section */
	};
	rootObject = 6AD7B2A20AC6B550004644DE /* Project object */;
}
