// !$*UTF8*$!
{
	archiveVersion = 1;
	classes = {
	};
	objectVersion = 42;
	objects = {

/* Begin PBXGroup section */
		6A064E3C0AC6B4A700B7C4BC = {
			isa = PBXGroup;
			children = (
			);
			sourceTree = "<group>";
		};
/* End PBXGroup section */

/* Begin PBXProject section */
		6A064E3E0AC6B4A700B7C4BC /* Project object */ = {
			isa = PBXProject;
			buildConfigurationList = 6A064E3F0AC6B4A700B7C4BC /* Build configuration list for PBXProject "ObjectiveFlickr" */;
			hasScannedForEncodings = 0;
			mainGroup = 6A064E3C0AC6B4A700B7C4BC;
			projectDirPath = "";
			targets = (
			);
		};
/* End PBXProject section */

/* Begin XCBuildConfiguration section */
		6A064E400AC6B4A700B7C4BC /* Debug */ = {
			isa = XCBuildConfiguration;
			buildSettings = {
				COPY_PHASE_STRIP = NO;
			};
			name = Debug;
		};
		6A064E410AC6B4A700B7C4BC /* Release */ = {
			isa = XCBuildConfiguration;
			buildSettings = {
				COPY_PHASE_STRIP = YES;
			};
			name = Release;
		};
/* End XCBuildConfiguration section */

/* Begin XCConfigurationList section */
		6A064E3F0AC6B4A700B7C4BC /* Build configuration list for PBXProject "ObjectiveFlickr" */ = {
			isa = XCConfigurationList;
			buildConfigurations = (
				6A064E400AC6B4A700B7C4BC /* Debug */,
				6A064E410AC6B4A700B7C4BC /* Release */,
			);
			defaultConfigurationIsVisible = 0;
			defaultConfigurationName = Release;
		};
/* End XCConfigurationList section */
	};
	rootObject = 6A064E3E0AC6B4A700B7C4BC /* Project object */;
}
